// !$*UTF8*$!
{
	archiveVersion = 1;
	classes = {
	};
	objectVersion = 56;
	objects = {

/* Begin PBXBuildFile section */
		5CBC5E242D167F220027856C /* AppDelegate.swift in Sources */ = {isa = PBXBuildFile; fileRef = 5CBC5E232D167F220027856C /* AppDelegate.swift */; };
		5CBC5E262D167F220027856C /* SceneDelegate.swift in Sources */ = {isa = PBXBuildFile; fileRef = 5CBC5E252D167F220027856C /* SceneDelegate.swift */; };
		5CBC5E2B2D167F220027856C /* Main.storyboard in Resources */ = {isa = PBXBuildFile; fileRef = 5CBC5E292D167F220027856C /* Main.storyboard */; };
		5CBC5E2E2D167F220027856C /* LiveVideoApp.xcdatamodeld in Sources */ = {isa = PBXBuildFile; fileRef = 5CBC5E2C2D167F220027856C /* LiveVideoApp.xcdatamodeld */; };
		5CBC5E302D167F220027856C /* Assets.xcassets in Resources */ = {isa = PBXBuildFile; fileRef = 5CBC5E2F2D167F220027856C /* Assets.xcassets */; };
		5CBC5E332D167F220027856C /* LaunchScreen.storyboard in Resources */ = {isa = PBXBuildFile; fileRef = 5CBC5E312D167F220027856C /* LaunchScreen.storyboard */; };
		5CBC5E3F2D167F220027856C /* LiveVideoAppTests.swift in Sources */ = {isa = PBXBuildFile; fileRef = 5CBC5E3E2D167F220027856C /* LiveVideoAppTests.swift */; };
		5CBC5E492D167F230027856C /* LiveVideoAppUITests.swift in Sources */ = {isa = PBXBuildFile; fileRef = 5CBC5E482D167F230027856C /* LiveVideoAppUITests.swift */; };
		5CBC5E4B2D167F230027856C /* LiveVideoAppUITestsLaunchTests.swift in Sources */ = {isa = PBXBuildFile; fileRef = 5CBC5E4A2D167F230027856C /* LiveVideoAppUITestsLaunchTests.swift */; };
		5CBC5E5D2D16CFDA0027856C /* ShortsVC.swift in Sources */ = {isa = PBXBuildFile; fileRef = 5CBC5E5C2D16CFDA0027856C /* ShortsVC.swift */; };
		5CBC5E5F2D16D09D0027856C /* ShortCVCell.swift in Sources */ = {isa = PBXBuildFile; fileRef = 5CBC5E5E2D16D09D0027856C /* ShortCVCell.swift */; };
		5CBC5E622D16D66A0027856C /* videos.json in Resources */ = {isa = PBXBuildFile; fileRef = 5CBC5E612D16D66A0027856C /* videos.json */; };
		5CBC5E642D16D6C70027856C /* comments.json in Resources */ = {isa = PBXBuildFile; fileRef = 5CBC5E632D16D6C70027856C /* comments.json */; };
		5CBC5E662D16D72F0027856C /* Video.swift in Sources */ = {isa = PBXBuildFile; fileRef = 5CBC5E652D16D72F0027856C /* Video.swift */; };
		5CBC5E682D16D7410027856C /* Comment.swift in Sources */ = {isa = PBXBuildFile; fileRef = 5CBC5E672D16D7410027856C /* Comment.swift */; };
		5CBC5E6A2D16D81B0027856C /* ShortsVM.swift in Sources */ = {isa = PBXBuildFile; fileRef = 5CBC5E692D16D81B0027856C /* ShortsVM.swift */; };
		5CBC5E6D2D16D8E10027856C /* NetworkService.swift in Sources */ = {isa = PBXBuildFile; fileRef = 5CBC5E6C2D16D8E10027856C /* NetworkService.swift */; };
		5CBC5E6F2D16DA800027856C /* Constants.swift in Sources */ = {isa = PBXBuildFile; fileRef = 5CBC5E6E2D16DA800027856C /* Constants.swift */; };
		5CBC5E712D16E41F0027856C /* AlertView.swift in Sources */ = {isa = PBXBuildFile; fileRef = 5CBC5E702D16E41F0027856C /* AlertView.swift */; };
		5CBC5E732D16E97B0027856C /* AVPlayerView.swift in Sources */ = {isa = PBXBuildFile; fileRef = 5CBC5E722D16E97B0027856C /* AVPlayerView.swift */; };
		5CBC5E762D17256C0027856C /* ViewDesign.swift in Sources */ = {isa = PBXBuildFile; fileRef = 5CBC5E752D17256C0027856C /* ViewDesign.swift */; };
		5CBC5E8A2D1728A20027856C /* SF-Pro-Text-Bold.otf in Resources */ = {isa = PBXBuildFile; fileRef = 5CBC5E782D1728A00027856C /* SF-Pro-Text-Bold.otf */; };
		5CBC5E8B2D1728A20027856C /* SF-Pro-Text-Thin.otf in Resources */ = {isa = PBXBuildFile; fileRef = 5CBC5E792D1728A00027856C /* SF-Pro-Text-Thin.otf */; };
		5CBC5E8C2D1728A20027856C /* SF-Pro-Text-HeavyItalic.otf in Resources */ = {isa = PBXBuildFile; fileRef = 5CBC5E7A2D1728A00027856C /* SF-Pro-Text-HeavyItalic.otf */; };
		5CBC5E8D2D1728A20027856C /* SF-Pro-Text-UltralightItalic.otf in Resources */ = {isa = PBXBuildFile; fileRef = 5CBC5E7B2D1728A10027856C /* SF-Pro-Text-UltralightItalic.otf */; };
		5CBC5E8E2D1728A20027856C /* SF-Pro-Text-BlackItalic.otf in Resources */ = {isa = PBXBuildFile; fileRef = 5CBC5E7C2D1728A10027856C /* SF-Pro-Text-BlackItalic.otf */; };
		5CBC5E8F2D1728A20027856C /* SF-Pro-Text-Heavy.otf in Resources */ = {isa = PBXBuildFile; fileRef = 5CBC5E7D2D1728A10027856C /* SF-Pro-Text-Heavy.otf */; };
		5CBC5E902D1728A20027856C /* SF-Pro-Text-ThinItalic.otf in Resources */ = {isa = PBXBuildFile; fileRef = 5CBC5E7E2D1728A10027856C /* SF-Pro-Text-ThinItalic.otf */; };
		5CBC5E912D1728A20027856C /* SF-Pro-Text-Medium.otf in Resources */ = {isa = PBXBuildFile; fileRef = 5CBC5E7F2D1728A10027856C /* SF-Pro-Text-Medium.otf */; };
		5CBC5E922D1728A20027856C /* SF-Pro-Text-LightItalic.otf in Resources */ = {isa = PBXBuildFile; fileRef = 5CBC5E802D1728A10027856C /* SF-Pro-Text-LightItalic.otf */; };
		5CBC5E932D1728A20027856C /* SF-Pro-Text-RegularItalic.otf in Resources */ = {isa = PBXBuildFile; fileRef = 5CBC5E812D1728A10027856C /* SF-Pro-Text-RegularItalic.otf */; };
		5CBC5E942D1728A20027856C /* SF-Pro-Text-Regular.otf in Resources */ = {isa = PBXBuildFile; fileRef = 5CBC5E822D1728A10027856C /* SF-Pro-Text-Regular.otf */; };
		5CBC5E952D1728A20027856C /* SF-Pro-Text-Semibold.otf in Resources */ = {isa = PBXBuildFile; fileRef = 5CBC5E832D1728A10027856C /* SF-Pro-Text-Semibold.otf */; };
		5CBC5E962D1728A20027856C /* SF-Pro-Text-Ultralight.otf in Resources */ = {isa = PBXBuildFile; fileRef = 5CBC5E842D1728A20027856C /* SF-Pro-Text-Ultralight.otf */; };
		5CBC5E972D1728A20027856C /* SF-Pro-Text-SemiboldItalic.otf in Resources */ = {isa = PBXBuildFile; fileRef = 5CBC5E852D1728A20027856C /* SF-Pro-Text-SemiboldItalic.otf */; };
		5CBC5E982D1728A20027856C /* SF-Pro-Text-BoldItalic.otf in Resources */ = {isa = PBXBuildFile; fileRef = 5CBC5E862D1728A20027856C /* SF-Pro-Text-BoldItalic.otf */; };
		5CBC5E992D1728A20027856C /* SF-Pro-Text-Light.otf in Resources */ = {isa = PBXBuildFile; fileRef = 5CBC5E872D1728A20027856C /* SF-Pro-Text-Light.otf */; };
		5CBC5E9A2D1728A20027856C /* SF-Pro-Text-Black.otf in Resources */ = {isa = PBXBuildFile; fileRef = 5CBC5E882D1728A20027856C /* SF-Pro-Text-Black.otf */; };
		5CBC5E9B2D1728A20027856C /* SF-Pro-Text-MediumItalic.otf in Resources */ = {isa = PBXBuildFile; fileRef = 5CBC5E892D1728A20027856C /* SF-Pro-Text-MediumItalic.otf */; };
		5CBC5E9D2D172A3B0027856C /* ButtonDesign.swift in Sources */ = {isa = PBXBuildFile; fileRef = 5CBC5E9C2D172A3B0027856C /* ButtonDesign.swift */; };
		5CBC5E9F2D17CD510027856C /* TextFieldDesign.swift in Sources */ = {isa = PBXBuildFile; fileRef = 5CBC5E9E2D17CD510027856C /* TextFieldDesign.swift */; };
		5CBC5EA22D17DB3A0027856C /* CommentTVCell.swift in Sources */ = {isa = PBXBuildFile; fileRef = 5CBC5EA12D17DB3A0027856C /* CommentTVCell.swift */; };
		5CBC5EA42D17DE880027856C /* ImageViewDesign.swift in Sources */ = {isa = PBXBuildFile; fileRef = 5CBC5EA32D17DE880027856C /* ImageViewDesign.swift */; };
		5CBC5EA62D17E5790027856C /* AppFont.swift in Sources */ = {isa = PBXBuildFile; fileRef = 5CBC5EA52D17E5790027856C /* AppFont.swift */; };
		5CBC5EA92D17E8340027856C /* SDWebImage in Frameworks */ = {isa = PBXBuildFile; productRef = 5CBC5EA82D17E8340027856C /* SDWebImage */; };
		5CBC5EAB2D17E8340027856C /* SDWebImageMapKit in Frameworks */ = {isa = PBXBuildFile; productRef = 5CBC5EAA2D17E8340027856C /* SDWebImageMapKit */; };
		5CBC5EAE2D17E8960027856C /* IQKeyboardManagerSwift in Frameworks */ = {isa = PBXBuildFile; productRef = 5CBC5EAD2D17E8960027856C /* IQKeyboardManagerSwift */; };
		5CBC5EB02D185F6F0027856C /* HeartAnimation.swift in Sources */ = {isa = PBXBuildFile; fileRef = 5CBC5EAF2D185F6F0027856C /* HeartAnimation.swift */; };
/* End PBXBuildFile section */

/* Begin PBXContainerItemProxy section */
		5CBC5E3B2D167F220027856C /* PBXContainerItemProxy */ = {
			isa = PBXContainerItemProxy;
			containerPortal = 5CBC5E182D167F220027856C /* Project object */;
			proxyType = 1;
			remoteGlobalIDString = 5CBC5E1F2D167F220027856C;
			remoteInfo = LiveVideoApp;
		};
		5CBC5E452D167F230027856C /* PBXContainerItemProxy */ = {
			isa = PBXContainerItemProxy;
			containerPortal = 5CBC5E182D167F220027856C /* Project object */;
			proxyType = 1;
			remoteGlobalIDString = 5CBC5E1F2D167F220027856C;
			remoteInfo = LiveVideoApp;
		};
/* End PBXContainerItemProxy section */

/* Begin PBXFileReference section */
		5CBC5E202D167F220027856C /* LiveVideoApp.app */ = {isa = PBXFileReference; explicitFileType = wrapper.application; includeInIndex = 0; path = LiveVideoApp.app; sourceTree = BUILT_PRODUCTS_DIR; };
		5CBC5E232D167F220027856C /* AppDelegate.swift */ = {isa = PBXFileReference; lastKnownFileType = sourcecode.swift; path = AppDelegate.swift; sourceTree = "<group>"; };
		5CBC5E252D167F220027856C /* SceneDelegate.swift */ = {isa = PBXFileReference; lastKnownFileType = sourcecode.swift; path = SceneDelegate.swift; sourceTree = "<group>"; };
		5CBC5E2A2D167F220027856C /* Base */ = {isa = PBXFileReference; lastKnownFileType = file.storyboard; name = Base; path = Base.lproj/Main.storyboard; sourceTree = "<group>"; };
		5CBC5E2D2D167F220027856C /* LiveVideoApp.xcdatamodel */ = {isa = PBXFileReference; lastKnownFileType = wrapper.xcdatamodel; path = LiveVideoApp.xcdatamodel; sourceTree = "<group>"; };
		5CBC5E2F2D167F220027856C /* Assets.xcassets */ = {isa = PBXFileReference; lastKnownFileType = folder.assetcatalog; path = Assets.xcassets; sourceTree = "<group>"; };
		5CBC5E322D167F220027856C /* Base */ = {isa = PBXFileReference; lastKnownFileType = file.storyboard; name = Base; path = Base.lproj/LaunchScreen.storyboard; sourceTree = "<group>"; };
		5CBC5E342D167F220027856C /* LiveVideoApp.entitlements */ = {isa = PBXFileReference; lastKnownFileType = text.plist.entitlements; path = LiveVideoApp.entitlements; sourceTree = "<group>"; };
		5CBC5E352D167F220027856C /* Info.plist */ = {isa = PBXFileReference; lastKnownFileType = text.plist.xml; path = Info.plist; sourceTree = "<group>"; };
		5CBC5E3A2D167F220027856C /* LiveVideoAppTests.xctest */ = {isa = PBXFileReference; explicitFileType = wrapper.cfbundle; includeInIndex = 0; path = LiveVideoAppTests.xctest; sourceTree = BUILT_PRODUCTS_DIR; };
		5CBC5E3E2D167F220027856C /* LiveVideoAppTests.swift */ = {isa = PBXFileReference; lastKnownFileType = sourcecode.swift; path = LiveVideoAppTests.swift; sourceTree = "<group>"; };
		5CBC5E442D167F230027856C /* LiveVideoAppUITests.xctest */ = {isa = PBXFileReference; explicitFileType = wrapper.cfbundle; includeInIndex = 0; path = LiveVideoAppUITests.xctest; sourceTree = BUILT_PRODUCTS_DIR; };
		5CBC5E482D167F230027856C /* LiveVideoAppUITests.swift */ = {isa = PBXFileReference; lastKnownFileType = sourcecode.swift; path = LiveVideoAppUITests.swift; sourceTree = "<group>"; };
		5CBC5E4A2D167F230027856C /* LiveVideoAppUITestsLaunchTests.swift */ = {isa = PBXFileReference; lastKnownFileType = sourcecode.swift; path = LiveVideoAppUITestsLaunchTests.swift; sourceTree = "<group>"; };
		5CBC5E5C2D16CFDA0027856C /* ShortsVC.swift */ = {isa = PBXFileReference; lastKnownFileType = sourcecode.swift; path = ShortsVC.swift; sourceTree = "<group>"; };
		5CBC5E5E2D16D09D0027856C /* ShortCVCell.swift */ = {isa = PBXFileReference; lastKnownFileType = sourcecode.swift; path = ShortCVCell.swift; sourceTree = "<group>"; };
		5CBC5E612D16D66A0027856C /* videos.json */ = {isa = PBXFileReference; lastKnownFileType = text.json; path = videos.json; sourceTree = "<group>"; };
		5CBC5E632D16D6C70027856C /* comments.json */ = {isa = PBXFileReference; lastKnownFileType = text.json; path = comments.json; sourceTree = "<group>"; };
		5CBC5E652D16D72F0027856C /* Video.swift */ = {isa = PBXFileReference; lastKnownFileType = sourcecode.swift; path = Video.swift; sourceTree = "<group>"; };
		5CBC5E672D16D7410027856C /* Comment.swift */ = {isa = PBXFileReference; lastKnownFileType = sourcecode.swift; path = Comment.swift; sourceTree = "<group>"; };
		5CBC5E692D16D81B0027856C /* ShortsVM.swift */ = {isa = PBXFileReference; lastKnownFileType = sourcecode.swift; path = ShortsVM.swift; sourceTree = "<group>"; };
		5CBC5E6C2D16D8E10027856C /* NetworkService.swift */ = {isa = PBXFileReference; lastKnownFileType = sourcecode.swift; path = NetworkService.swift; sourceTree = "<group>"; };
		5CBC5E6E2D16DA800027856C /* Constants.swift */ = {isa = PBXFileReference; lastKnownFileType = sourcecode.swift; path = Constants.swift; sourceTree = "<group>"; };
		5CBC5E702D16E41F0027856C /* AlertView.swift */ = {isa = PBXFileReference; lastKnownFileType = sourcecode.swift; path = AlertView.swift; sourceTree = "<group>"; };
		5CBC5E722D16E97B0027856C /* AVPlayerView.swift */ = {isa = PBXFileReference; lastKnownFileType = sourcecode.swift; path = AVPlayerView.swift; sourceTree = "<group>"; };
		5CBC5E752D17256C0027856C /* ViewDesign.swift */ = {isa = PBXFileReference; lastKnownFileType = sourcecode.swift; path = ViewDesign.swift; sourceTree = "<group>"; };
		5CBC5E782D1728A00027856C /* SF-Pro-Text-Bold.otf */ = {isa = PBXFileReference; lastKnownFileType = file; path = "SF-Pro-Text-Bold.otf"; sourceTree = "<group>"; };
		5CBC5E792D1728A00027856C /* SF-Pro-Text-Thin.otf */ = {isa = PBXFileReference; lastKnownFileType = file; path = "SF-Pro-Text-Thin.otf"; sourceTree = "<group>"; };
		5CBC5E7A2D1728A00027856C /* SF-Pro-Text-HeavyItalic.otf */ = {isa = PBXFileReference; lastKnownFileType = file; path = "SF-Pro-Text-HeavyItalic.otf"; sourceTree = "<group>"; };
		5CBC5E7B2D1728A10027856C /* SF-Pro-Text-UltralightItalic.otf */ = {isa = PBXFileReference; lastKnownFileType = file; path = "SF-Pro-Text-UltralightItalic.otf"; sourceTree = "<group>"; };
		5CBC5E7C2D1728A10027856C /* SF-Pro-Text-BlackItalic.otf */ = {isa = PBXFileReference; lastKnownFileType = file; path = "SF-Pro-Text-BlackItalic.otf"; sourceTree = "<group>"; };
		5CBC5E7D2D1728A10027856C /* SF-Pro-Text-Heavy.otf */ = {isa = PBXFileReference; lastKnownFileType = file; path = "SF-Pro-Text-Heavy.otf"; sourceTree = "<group>"; };
		5CBC5E7E2D1728A10027856C /* SF-Pro-Text-ThinItalic.otf */ = {isa = PBXFileReference; lastKnownFileType = file; path = "SF-Pro-Text-ThinItalic.otf"; sourceTree = "<group>"; };
		5CBC5E7F2D1728A10027856C /* SF-Pro-Text-Medium.otf */ = {isa = PBXFileReference; lastKnownFileType = file; path = "SF-Pro-Text-Medium.otf"; sourceTree = "<group>"; };
		5CBC5E802D1728A10027856C /* SF-Pro-Text-LightItalic.otf */ = {isa = PBXFileReference; lastKnownFileType = file; path = "SF-Pro-Text-LightItalic.otf"; sourceTree = "<group>"; };
		5CBC5E812D1728A10027856C /* SF-Pro-Text-RegularItalic.otf */ = {isa = PBXFileReference; lastKnownFileType = file; path = "SF-Pro-Text-RegularItalic.otf"; sourceTree = "<group>"; };
		5CBC5E822D1728A10027856C /* SF-Pro-Text-Regular.otf */ = {isa = PBXFileReference; lastKnownFileType = file; path = "SF-Pro-Text-Regular.otf"; sourceTree = "<group>"; };
		5CBC5E832D1728A10027856C /* SF-Pro-Text-Semibold.otf */ = {isa = PBXFileReference; lastKnownFileType = file; path = "SF-Pro-Text-Semibold.otf"; sourceTree = "<group>"; };
		5CBC5E842D1728A20027856C /* SF-Pro-Text-Ultralight.otf */ = {isa = PBXFileReference; lastKnownFileType = file; path = "SF-Pro-Text-Ultralight.otf"; sourceTree = "<group>"; };
		5CBC5E852D1728A20027856C /* SF-Pro-Text-SemiboldItalic.otf */ = {isa = PBXFileReference; lastKnownFileType = file; path = "SF-Pro-Text-SemiboldItalic.otf"; sourceTree = "<group>"; };
		5CBC5E862D1728A20027856C /* SF-Pro-Text-BoldItalic.otf */ = {isa = PBXFileReference; lastKnownFileType = file; path = "SF-Pro-Text-BoldItalic.otf"; sourceTree = "<group>"; };
		5CBC5E872D1728A20027856C /* SF-Pro-Text-Light.otf */ = {isa = PBXFileReference; lastKnownFileType = file; path = "SF-Pro-Text-Light.otf"; sourceTree = "<group>"; };
		5CBC5E882D1728A20027856C /* SF-Pro-Text-Black.otf */ = {isa = PBXFileReference; lastKnownFileType = file; path = "SF-Pro-Text-Black.otf"; sourceTree = "<group>"; };
		5CBC5E892D1728A20027856C /* SF-Pro-Text-MediumItalic.otf */ = {isa = PBXFileReference; lastKnownFileType = file; path = "SF-Pro-Text-MediumItalic.otf"; sourceTree = "<group>"; };
		5CBC5E9C2D172A3B0027856C /* ButtonDesign.swift */ = {isa = PBXFileReference; lastKnownFileType = sourcecode.swift; path = ButtonDesign.swift; sourceTree = "<group>"; };
		5CBC5E9E2D17CD510027856C /* TextFieldDesign.swift */ = {isa = PBXFileReference; lastKnownFileType = sourcecode.swift; path = TextFieldDesign.swift; sourceTree = "<group>"; };
		5CBC5EA12D17DB3A0027856C /* CommentTVCell.swift */ = {isa = PBXFileReference; lastKnownFileType = sourcecode.swift; path = CommentTVCell.swift; sourceTree = "<group>"; };
		5CBC5EA32D17DE880027856C /* ImageViewDesign.swift */ = {isa = PBXFileReference; lastKnownFileType = sourcecode.swift; path = ImageViewDesign.swift; sourceTree = "<group>"; };
		5CBC5EA52D17E5790027856C /* AppFont.swift */ = {isa = PBXFileReference; lastKnownFileType = sourcecode.swift; path = AppFont.swift; sourceTree = "<group>"; };
		5CBC5EAF2D185F6F0027856C /* HeartAnimation.swift */ = {isa = PBXFileReference; lastKnownFileType = sourcecode.swift; path = HeartAnimation.swift; sourceTree = "<group>"; };
/* End PBXFileReference section */

/* Begin PBXFrameworksBuildPhase section */
		5CBC5E1D2D167F220027856C /* Frameworks */ = {
			isa = PBXFrameworksBuildPhase;
			buildActionMask = 2147483647;
			files = (
				5CBC5EAB2D17E8340027856C /* SDWebImageMapKit in Frameworks */,
				5CBC5EA92D17E8340027856C /* SDWebImage in Frameworks */,
				5CBC5EAE2D17E8960027856C /* IQKeyboardManagerSwift in Frameworks */,
			);
			runOnlyForDeploymentPostprocessing = 0;
		};
		5CBC5E372D167F220027856C /* Frameworks */ = {
			isa = PBXFrameworksBuildPhase;
			buildActionMask = 2147483647;
			files = (
			);
			runOnlyForDeploymentPostprocessing = 0;
		};
		5CBC5E412D167F230027856C /* Frameworks */ = {
			isa = PBXFrameworksBuildPhase;
			buildActionMask = 2147483647;
			files = (
			);
			runOnlyForDeploymentPostprocessing = 0;
		};
/* End PBXFrameworksBuildPhase section */

/* Begin PBXGroup section */
		5CBC5E172D167F220027856C = {
			isa = PBXGroup;
			children = (
				5CBC5E222D167F220027856C /* LiveVideoApp */,
				5CBC5E3D2D167F220027856C /* LiveVideoAppTests */,
				5CBC5E472D167F230027856C /* LiveVideoAppUITests */,
				5CBC5E212D167F220027856C /* Products */,
			);
			sourceTree = "<group>";
		};
		5CBC5E212D167F220027856C /* Products */ = {
			isa = PBXGroup;
			children = (
				5CBC5E202D167F220027856C /* LiveVideoApp.app */,
				5CBC5E3A2D167F220027856C /* LiveVideoAppTests.xctest */,
				5CBC5E442D167F230027856C /* LiveVideoAppUITests.xctest */,
			);
			name = Products;
			sourceTree = "<group>";
		};
		5CBC5E222D167F220027856C /* LiveVideoApp */ = {
			isa = PBXGroup;
			children = (
				5CBC5E5A2D16CFA90027856C /* Helpers */,
				5CBC5E582D16CF810027856C /* ViewModel */,
				5CBC5E592D16CF8B0027856C /* View */,
				5CBC5E572D16CF790027856C /* Model */,
				5CBC5E232D167F220027856C /* AppDelegate.swift */,
				5CBC5E252D167F220027856C /* SceneDelegate.swift */,
				5CBC5E292D167F220027856C /* Main.storyboard */,
				5CBC5E2F2D167F220027856C /* Assets.xcassets */,
				5CBC5E312D167F220027856C /* LaunchScreen.storyboard */,
				5CBC5E342D167F220027856C /* LiveVideoApp.entitlements */,
				5CBC5E352D167F220027856C /* Info.plist */,
				5CBC5E2C2D167F220027856C /* LiveVideoApp.xcdatamodeld */,
			);
			path = LiveVideoApp;
			sourceTree = "<group>";
		};
		5CBC5E3D2D167F220027856C /* LiveVideoAppTests */ = {
			isa = PBXGroup;
			children = (
				5CBC5E3E2D167F220027856C /* LiveVideoAppTests.swift */,
			);
			path = LiveVideoAppTests;
			sourceTree = "<group>";
		};
		5CBC5E472D167F230027856C /* LiveVideoAppUITests */ = {
			isa = PBXGroup;
			children = (
				5CBC5E482D167F230027856C /* LiveVideoAppUITests.swift */,
				5CBC5E4A2D167F230027856C /* LiveVideoAppUITestsLaunchTests.swift */,
			);
			path = LiveVideoAppUITests;
			sourceTree = "<group>";
		};
		5CBC5E572D16CF790027856C /* Model */ = {
			isa = PBXGroup;
			children = (
				5CBC5E652D16D72F0027856C /* Video.swift */,
				5CBC5E672D16D7410027856C /* Comment.swift */,
			);
			path = Model;
			sourceTree = "<group>";
		};
		5CBC5E582D16CF810027856C /* ViewModel */ = {
			isa = PBXGroup;
			children = (
				5CBC5E692D16D81B0027856C /* ShortsVM.swift */,
			);
			path = ViewModel;
			sourceTree = "<group>";
		};
		5CBC5E592D16CF8B0027856C /* View */ = {
			isa = PBXGroup;
			children = (
				5CBC5EA02D17DB240027856C /* Comments */,
				5CBC5E5B2D16CFAF0027856C /* Shorts */,
			);
			path = View;
			sourceTree = "<group>";
		};
		5CBC5E5A2D16CFA90027856C /* Helpers */ = {
			isa = PBXGroup;
			children = (
				5CBC5E742D17250A0027856C /* CustomObjects */,
				5CBC5E6B2D16D8D20027856C /* Network */,
				5CBC5E602D16D5BF0027856C /* Resources */,
				5CBC5E6E2D16DA800027856C /* Constants.swift */,
				5CBC5E702D16E41F0027856C /* AlertView.swift */,
				5CBC5EAF2D185F6F0027856C /* HeartAnimation.swift */,
			);
			path = Helpers;
			sourceTree = "<group>";
		};
		5CBC5E5B2D16CFAF0027856C /* Shorts */ = {
			isa = PBXGroup;
			children = (
				5CBC5E5C2D16CFDA0027856C /* ShortsVC.swift */,
				5CBC5E5E2D16D09D0027856C /* ShortCVCell.swift */,
				5CBC5E722D16E97B0027856C /* AVPlayerView.swift */,
			);
			path = Shorts;
			sourceTree = "<group>";
		};
		5CBC5E602D16D5BF0027856C /* Resources */ = {
			isa = PBXGroup;
			children = (
				5CBC5E772D1728880027856C /* AppFonts */,
				5CBC5E612D16D66A0027856C /* videos.json */,
				5CBC5E632D16D6C70027856C /* comments.json */,
			);
			path = Resources;
			sourceTree = "<group>";
		};
		5CBC5E6B2D16D8D20027856C /* Network */ = {
			isa = PBXGroup;
			children = (
				5CBC5E6C2D16D8E10027856C /* NetworkService.swift */,
			);
			path = Network;
			sourceTree = "<group>";
		};
		5CBC5E742D17250A0027856C /* CustomObjects */ = {
			isa = PBXGroup;
			children = (
				5CBC5E752D17256C0027856C /* ViewDesign.swift */,
				5CBC5E9C2D172A3B0027856C /* ButtonDesign.swift */,
				5CBC5E9E2D17CD510027856C /* TextFieldDesign.swift */,
				5CBC5EA32D17DE880027856C /* ImageViewDesign.swift */,
			);
			path = CustomObjects;
			sourceTree = "<group>";
		};
		5CBC5E772D1728880027856C /* AppFonts */ = {
			isa = PBXGroup;
			children = (
				5CBC5E882D1728A20027856C /* SF-Pro-Text-Black.otf */,
				5CBC5E7C2D1728A10027856C /* SF-Pro-Text-BlackItalic.otf */,
				5CBC5E782D1728A00027856C /* SF-Pro-Text-Bold.otf */,
				5CBC5E862D1728A20027856C /* SF-Pro-Text-BoldItalic.otf */,
				5CBC5E7D2D1728A10027856C /* SF-Pro-Text-Heavy.otf */,
				5CBC5E7A2D1728A00027856C /* SF-Pro-Text-HeavyItalic.otf */,
				5CBC5E872D1728A20027856C /* SF-Pro-Text-Light.otf */,
				5CBC5E802D1728A10027856C /* SF-Pro-Text-LightItalic.otf */,
				5CBC5E7F2D1728A10027856C /* SF-Pro-Text-Medium.otf */,
				5CBC5E892D1728A20027856C /* SF-Pro-Text-MediumItalic.otf */,
				5CBC5E822D1728A10027856C /* SF-Pro-Text-Regular.otf */,
				5CBC5E812D1728A10027856C /* SF-Pro-Text-RegularItalic.otf */,
				5CBC5E832D1728A10027856C /* SF-Pro-Text-Semibold.otf */,
				5CBC5E852D1728A20027856C /* SF-Pro-Text-SemiboldItalic.otf */,
				5CBC5E792D1728A00027856C /* SF-Pro-Text-Thin.otf */,
				5CBC5E7E2D1728A10027856C /* SF-Pro-Text-ThinItalic.otf */,
				5CBC5E842D1728A20027856C /* SF-Pro-Text-Ultralight.otf */,
				5CBC5E7B2D1728A10027856C /* SF-Pro-Text-UltralightItalic.otf */,
				5CBC5EA52D17E5790027856C /* AppFont.swift */,
			);
			path = AppFonts;
			sourceTree = "<group>";
		};
		5CBC5EA02D17DB240027856C /* Comments */ = {
			isa = PBXGroup;
			children = (
				5CBC5EA12D17DB3A0027856C /* CommentTVCell.swift */,
			);
			path = Comments;
			sourceTree = "<group>";
		};
/* End PBXGroup section */

/* Begin PBXNativeTarget section */
		5CBC5E1F2D167F220027856C /* LiveVideoApp */ = {
			isa = PBXNativeTarget;
			buildConfigurationList = 5CBC5E4E2D167F230027856C /* Build configuration list for PBXNativeTarget "LiveVideoApp" */;
			buildPhases = (
				5CBC5E1C2D167F220027856C /* Sources */,
				5CBC5E1D2D167F220027856C /* Frameworks */,
				5CBC5E1E2D167F220027856C /* Resources */,
			);
			buildRules = (
			);
			dependencies = (
			);
			name = LiveVideoApp;
			packageProductDependencies = (
				5CBC5EA82D17E8340027856C /* SDWebImage */,
				5CBC5EAA2D17E8340027856C /* SDWebImageMapKit */,
				5CBC5EAD2D17E8960027856C /* IQKeyboardManagerSwift */,
			);
			productName = LiveVideoApp;
			productReference = 5CBC5E202D167F220027856C /* LiveVideoApp.app */;
			productType = "com.apple.product-type.application";
		};
		5CBC5E392D167F220027856C /* LiveVideoAppTests */ = {
			isa = PBXNativeTarget;
			buildConfigurationList = 5CBC5E512D167F230027856C /* Build configuration list for PBXNativeTarget "LiveVideoAppTests" */;
			buildPhases = (
				5CBC5E362D167F220027856C /* Sources */,
				5CBC5E372D167F220027856C /* Frameworks */,
				5CBC5E382D167F220027856C /* Resources */,
			);
			buildRules = (
			);
			dependencies = (
				5CBC5E3C2D167F220027856C /* PBXTargetDependency */,
			);
			name = LiveVideoAppTests;
			productName = LiveVideoAppTests;
			productReference = 5CBC5E3A2D167F220027856C /* LiveVideoAppTests.xctest */;
			productType = "com.apple.product-type.bundle.unit-test";
		};
		5CBC5E432D167F230027856C /* LiveVideoAppUITests */ = {
			isa = PBXNativeTarget;
			buildConfigurationList = 5CBC5E542D167F230027856C /* Build configuration list for PBXNativeTarget "LiveVideoAppUITests" */;
			buildPhases = (
				5CBC5E402D167F230027856C /* Sources */,
				5CBC5E412D167F230027856C /* Frameworks */,
				5CBC5E422D167F230027856C /* Resources */,
			);
			buildRules = (
			);
			dependencies = (
				5CBC5E462D167F230027856C /* PBXTargetDependency */,
			);
			name = LiveVideoAppUITests;
			productName = LiveVideoAppUITests;
			productReference = 5CBC5E442D167F230027856C /* LiveVideoAppUITests.xctest */;
			productType = "com.apple.product-type.bundle.ui-testing";
		};
/* End PBXNativeTarget section */

/* Begin PBXProject section */
		5CBC5E182D167F220027856C /* Project object */ = {
			isa = PBXProject;
			attributes = {
				BuildIndependentTargetsInParallel = 1;
				LastSwiftUpdateCheck = 1510;
				LastUpgradeCheck = 1510;
				TargetAttributes = {
					5CBC5E1F2D167F220027856C = {
						CreatedOnToolsVersion = 15.1;
					};
					5CBC5E392D167F220027856C = {
						CreatedOnToolsVersion = 15.1;
						TestTargetID = 5CBC5E1F2D167F220027856C;
					};
					5CBC5E432D167F230027856C = {
						CreatedOnToolsVersion = 15.1;
						TestTargetID = 5CBC5E1F2D167F220027856C;
					};
				};
			};
			buildConfigurationList = 5CBC5E1B2D167F220027856C /* Build configuration list for PBXProject "LiveVideoApp" */;
			compatibilityVersion = "Xcode 14.0";
			developmentRegion = en;
			hasScannedForEncodings = 0;
			knownRegions = (
				en,
				Base,
			);
			mainGroup = 5CBC5E172D167F220027856C;
			packageReferences = (
				5CBC5EA72D17E8340027856C /* XCRemoteSwiftPackageReference "SDWebImage" */,
				5CBC5EAC2D17E8960027856C /* XCRemoteSwiftPackageReference "IQKeyboardManager" */,
			);
			productRefGroup = 5CBC5E212D167F220027856C /* Products */;
			projectDirPath = "";
			projectRoot = "";
			targets = (
				5CBC5E1F2D167F220027856C /* LiveVideoApp */,
				5CBC5E392D167F220027856C /* LiveVideoAppTests */,
				5CBC5E432D167F230027856C /* LiveVideoAppUITests */,
			);
		};
/* End PBXProject section */

/* Begin PBXResourcesBuildPhase section */
		5CBC5E1E2D167F220027856C /* Resources */ = {
			isa = PBXResourcesBuildPhase;
			buildActionMask = 2147483647;
			files = (
				5CBC5E912D1728A20027856C /* SF-Pro-Text-Medium.otf in Resources */,
				5CBC5E332D167F220027856C /* LaunchScreen.storyboard in Resources */,
				5CBC5E9B2D1728A20027856C /* SF-Pro-Text-MediumItalic.otf in Resources */,
				5CBC5E922D1728A20027856C /* SF-Pro-Text-LightItalic.otf in Resources */,
				5CBC5E622D16D66A0027856C /* videos.json in Resources */,
				5CBC5E8A2D1728A20027856C /* SF-Pro-Text-Bold.otf in Resources */,
				5CBC5E992D1728A20027856C /* SF-Pro-Text-Light.otf in Resources */,
				5CBC5E8F2D1728A20027856C /* SF-Pro-Text-Heavy.otf in Resources */,
				5CBC5E942D1728A20027856C /* SF-Pro-Text-Regular.otf in Resources */,
				5CBC5E902D1728A20027856C /* SF-Pro-Text-ThinItalic.otf in Resources */,
				5CBC5E952D1728A20027856C /* SF-Pro-Text-Semibold.otf in Resources */,
				5CBC5E932D1728A20027856C /* SF-Pro-Text-RegularItalic.otf in Resources */,
				5CBC5E8D2D1728A20027856C /* SF-Pro-Text-UltralightItalic.otf in Resources */,
				5CBC5E8C2D1728A20027856C /* SF-Pro-Text-HeavyItalic.otf in Resources */,
				5CBC5E302D167F220027856C /* Assets.xcassets in Resources */,
				5CBC5E962D1728A20027856C /* SF-Pro-Text-Ultralight.otf in Resources */,
				5CBC5E642D16D6C70027856C /* comments.json in Resources */,
				5CBC5E8B2D1728A20027856C /* SF-Pro-Text-Thin.otf in Resources */,
				5CBC5E2B2D167F220027856C /* Main.storyboard in Resources */,
				5CBC5E8E2D1728A20027856C /* SF-Pro-Text-BlackItalic.otf in Resources */,
				5CBC5E9A2D1728A20027856C /* SF-Pro-Text-Black.otf in Resources */,
				5CBC5E982D1728A20027856C /* SF-Pro-Text-BoldItalic.otf in Resources */,
				5CBC5E972D1728A20027856C /* SF-Pro-Text-SemiboldItalic.otf in Resources */,
			);
			runOnlyForDeploymentPostprocessing = 0;
		};
		5CBC5E382D167F220027856C /* Resources */ = {
			isa = PBXResourcesBuildPhase;
			buildActionMask = 2147483647;
			files = (
			);
			runOnlyForDeploymentPostprocessing = 0;
		};
		5CBC5E422D167F230027856C /* Resources */ = {
			isa = PBXResourcesBuildPhase;
			buildActionMask = 2147483647;
			files = (
			);
			runOnlyForDeploymentPostprocessing = 0;
		};
/* End PBXResourcesBuildPhase section */

/* Begin PBXSourcesBuildPhase section */
		5CBC5E1C2D167F220027856C /* Sources */ = {
			isa = PBXSourcesBuildPhase;
			buildActionMask = 2147483647;
			files = (
				5CBC5E9F2D17CD510027856C /* TextFieldDesign.swift in Sources */,
				5CBC5E732D16E97B0027856C /* AVPlayerView.swift in Sources */,
				5CBC5EA62D17E5790027856C /* AppFont.swift in Sources */,
				5CBC5E2E2D167F220027856C /* LiveVideoApp.xcdatamodeld in Sources */,
				5CBC5E662D16D72F0027856C /* Video.swift in Sources */,
				5CBC5EA42D17DE880027856C /* ImageViewDesign.swift in Sources */,
				5CBC5E9D2D172A3B0027856C /* ButtonDesign.swift in Sources */,
				5CBC5E5D2D16CFDA0027856C /* ShortsVC.swift in Sources */,
				5CBC5E712D16E41F0027856C /* AlertView.swift in Sources */,
				5CBC5E682D16D7410027856C /* Comment.swift in Sources */,
				5CBC5E6D2D16D8E10027856C /* NetworkService.swift in Sources */,
				5CBC5E6F2D16DA800027856C /* Constants.swift in Sources */,
				5CBC5E5F2D16D09D0027856C /* ShortCVCell.swift in Sources */,
				5CBC5EA22D17DB3A0027856C /* CommentTVCell.swift in Sources */,
				5CBC5E762D17256C0027856C /* ViewDesign.swift in Sources */,
				5CBC5EB02D185F6F0027856C /* HeartAnimation.swift in Sources */,
				5CBC5E242D167F220027856C /* AppDelegate.swift in Sources */,
				5CBC5E6A2D16D81B0027856C /* ShortsVM.swift in Sources */,
				5CBC5E262D167F220027856C /* SceneDelegate.swift in Sources */,
			);
			runOnlyForDeploymentPostprocessing = 0;
		};
		5CBC5E362D167F220027856C /* Sources */ = {
			isa = PBXSourcesBuildPhase;
			buildActionMask = 2147483647;
			files = (
				5CBC5E3F2D167F220027856C /* LiveVideoAppTests.swift in Sources */,
			);
			runOnlyForDeploymentPostprocessing = 0;
		};
		5CBC5E402D167F230027856C /* Sources */ = {
			isa = PBXSourcesBuildPhase;
			buildActionMask = 2147483647;
			files = (
				5CBC5E4B2D167F230027856C /* LiveVideoAppUITestsLaunchTests.swift in Sources */,
				5CBC5E492D167F230027856C /* LiveVideoAppUITests.swift in Sources */,
			);
			runOnlyForDeploymentPostprocessing = 0;
		};
/* End PBXSourcesBuildPhase section */

/* Begin PBXTargetDependency section */
		5CBC5E3C2D167F220027856C /* PBXTargetDependency */ = {
			isa = PBXTargetDependency;
			target = 5CBC5E1F2D167F220027856C /* LiveVideoApp */;
			targetProxy = 5CBC5E3B2D167F220027856C /* PBXContainerItemProxy */;
		};
		5CBC5E462D167F230027856C /* PBXTargetDependency */ = {
			isa = PBXTargetDependency;
			target = 5CBC5E1F2D167F220027856C /* LiveVideoApp */;
			targetProxy = 5CBC5E452D167F230027856C /* PBXContainerItemProxy */;
		};
/* End PBXTargetDependency section */

/* Begin PBXVariantGroup section */
		5CBC5E292D167F220027856C /* Main.storyboard */ = {
			isa = PBXVariantGroup;
			children = (
				5CBC5E2A2D167F220027856C /* Base */,
			);
			name = Main.storyboard;
			sourceTree = "<group>";
		};
		5CBC5E312D167F220027856C /* LaunchScreen.storyboard */ = {
			isa = PBXVariantGroup;
			children = (
				5CBC5E322D167F220027856C /* Base */,
			);
			name = LaunchScreen.storyboard;
			sourceTree = "<group>";
		};
/* End PBXVariantGroup section */

/* Begin XCBuildConfiguration section */
		5CBC5E4C2D167F230027856C /* Debug */ = {
			isa = XCBuildConfiguration;
			buildSettings = {
				ALWAYS_SEARCH_USER_PATHS = NO;
				ASSETCATALOG_COMPILER_GENERATE_SWIFT_ASSET_SYMBOL_EXTENSIONS = YES;
				CLANG_ANALYZER_NONNULL = YES;
				CLANG_ANALYZER_NUMBER_OBJECT_CONVERSION = YES_AGGRESSIVE;
				CLANG_CXX_LANGUAGE_STANDARD = "gnu++20";
				CLANG_ENABLE_MODULES = YES;
				CLANG_ENABLE_OBJC_ARC = YES;
				CLANG_ENABLE_OBJC_WEAK = YES;
				CLANG_WARN_BLOCK_CAPTURE_AUTORELEASING = YES;
				CLANG_WARN_BOOL_CONVERSION = YES;
				CLANG_WARN_COMMA = YES;
				CLANG_WARN_CONSTANT_CONVERSION = YES;
				CLANG_WARN_DEPRECATED_OBJC_IMPLEMENTATIONS = YES;
				CLANG_WARN_DIRECT_OBJC_ISA_USAGE = YES_ERROR;
				CLANG_WARN_DOCUMENTATION_COMMENTS = YES;
				CLANG_WARN_EMPTY_BODY = YES;
				CLANG_WARN_ENUM_CONVERSION = YES;
				CLANG_WARN_INFINITE_RECURSION = YES;
				CLANG_WARN_INT_CONVERSION = YES;
				CLANG_WARN_NON_LITERAL_NULL_CONVERSION = YES;
				CLANG_WARN_OBJC_IMPLICIT_RETAIN_SELF = YES;
				CLANG_WARN_OBJC_LITERAL_CONVERSION = YES;
				CLANG_WARN_OBJC_ROOT_CLASS = YES_ERROR;
				CLANG_WARN_QUOTED_INCLUDE_IN_FRAMEWORK_HEADER = YES;
				CLANG_WARN_RANGE_LOOP_ANALYSIS = YES;
				CLANG_WARN_STRICT_PROTOTYPES = YES;
				CLANG_WARN_SUSPICIOUS_MOVE = YES;
				CLANG_WARN_UNGUARDED_AVAILABILITY = YES_AGGRESSIVE;
				CLANG_WARN_UNREACHABLE_CODE = YES;
				CLANG_WARN__DUPLICATE_METHOD_MATCH = YES;
				COPY_PHASE_STRIP = NO;
				DEBUG_INFORMATION_FORMAT = dwarf;
				ENABLE_STRICT_OBJC_MSGSEND = YES;
				ENABLE_TESTABILITY = YES;
				ENABLE_USER_SCRIPT_SANDBOXING = YES;
				GCC_C_LANGUAGE_STANDARD = gnu17;
				GCC_DYNAMIC_NO_PIC = NO;
				GCC_NO_COMMON_BLOCKS = YES;
				GCC_OPTIMIZATION_LEVEL = 0;
				GCC_PREPROCESSOR_DEFINITIONS = (
					"DEBUG=1",
					"$(inherited)",
				);
				GCC_WARN_64_TO_32_BIT_CONVERSION = YES;
				GCC_WARN_ABOUT_RETURN_TYPE = YES_ERROR;
				GCC_WARN_UNDECLARED_SELECTOR = YES;
				GCC_WARN_UNINITIALIZED_AUTOS = YES_AGGRESSIVE;
				GCC_WARN_UNUSED_FUNCTION = YES;
				GCC_WARN_UNUSED_VARIABLE = YES;
				IPHONEOS_DEPLOYMENT_TARGET = 15.0;
				LOCALIZATION_PREFERS_STRING_CATALOGS = YES;
				MTL_ENABLE_DEBUG_INFO = INCLUDE_SOURCE;
				MTL_FAST_MATH = YES;
				ONLY_ACTIVE_ARCH = YES;
				SDKROOT = iphoneos;
				SWIFT_ACTIVE_COMPILATION_CONDITIONS = "DEBUG $(inherited)";
				SWIFT_OPTIMIZATION_LEVEL = "-Onone";
			};
			name = Debug;
		};
		5CBC5E4D2D167F230027856C /* Release */ = {
			isa = XCBuildConfiguration;
			buildSettings = {
				ALWAYS_SEARCH_USER_PATHS = NO;
				ASSETCATALOG_COMPILER_GENERATE_SWIFT_ASSET_SYMBOL_EXTENSIONS = YES;
				CLANG_ANALYZER_NONNULL = YES;
				CLANG_ANALYZER_NUMBER_OBJECT_CONVERSION = YES_AGGRESSIVE;
				CLANG_CXX_LANGUAGE_STANDARD = "gnu++20";
				CLANG_ENABLE_MODULES = YES;
				CLANG_ENABLE_OBJC_ARC = YES;
				CLANG_ENABLE_OBJC_WEAK = YES;
				CLANG_WARN_BLOCK_CAPTURE_AUTORELEASING = YES;
				CLANG_WARN_BOOL_CONVERSION = YES;
				CLANG_WARN_COMMA = YES;
				CLANG_WARN_CONSTANT_CONVERSION = YES;
				CLANG_WARN_DEPRECATED_OBJC_IMPLEMENTATIONS = YES;
				CLANG_WARN_DIRECT_OBJC_ISA_USAGE = YES_ERROR;
				CLANG_WARN_DOCUMENTATION_COMMENTS = YES;
				CLANG_WARN_EMPTY_BODY = YES;
				CLANG_WARN_ENUM_CONVERSION = YES;
				CLANG_WARN_INFINITE_RECURSION = YES;
				CLANG_WARN_INT_CONVERSION = YES;
				CLANG_WARN_NON_LITERAL_NULL_CONVERSION = YES;
				CLANG_WARN_OBJC_IMPLICIT_RETAIN_SELF = YES;
				CLANG_WARN_OBJC_LITERAL_CONVERSION = YES;
				CLANG_WARN_OBJC_ROOT_CLASS = YES_ERROR;
				CLANG_WARN_QUOTED_INCLUDE_IN_FRAMEWORK_HEADER = YES;
				CLANG_WARN_RANGE_LOOP_ANALYSIS = YES;
				CLANG_WARN_STRICT_PROTOTYPES = YES;
				CLANG_WARN_SUSPICIOUS_MOVE = YES;
				CLANG_WARN_UNGUARDED_AVAILABILITY = YES_AGGRESSIVE;
				CLANG_WARN_UNREACHABLE_CODE = YES;
				CLANG_WARN__DUPLICATE_METHOD_MATCH = YES;
				COPY_PHASE_STRIP = NO;
				DEBUG_INFORMATION_FORMAT = "dwarf-with-dsym";
				ENABLE_NS_ASSERTIONS = NO;
				ENABLE_STRICT_OBJC_MSGSEND = YES;
				ENABLE_USER_SCRIPT_SANDBOXING = YES;
				GCC_C_LANGUAGE_STANDARD = gnu17;
				GCC_NO_COMMON_BLOCKS = YES;
				GCC_WARN_64_TO_32_BIT_CONVERSION = YES;
				GCC_WARN_ABOUT_RETURN_TYPE = YES_ERROR;
				GCC_WARN_UNDECLARED_SELECTOR = YES;
				GCC_WARN_UNINITIALIZED_AUTOS = YES_AGGRESSIVE;
				GCC_WARN_UNUSED_FUNCTION = YES;
				GCC_WARN_UNUSED_VARIABLE = YES;
				IPHONEOS_DEPLOYMENT_TARGET = 15.0;
				LOCALIZATION_PREFERS_STRING_CATALOGS = YES;
				MTL_ENABLE_DEBUG_INFO = NO;
				MTL_FAST_MATH = YES;
				SDKROOT = iphoneos;
				SWIFT_COMPILATION_MODE = wholemodule;
				VALIDATE_PRODUCT = YES;
			};
			name = Release;
		};
		5CBC5E4F2D167F230027856C /* Debug */ = {
			isa = XCBuildConfiguration;
			buildSettings = {
				ASSETCATALOG_COMPILER_APPICON_NAME = AppIcon;
				ASSETCATALOG_COMPILER_GLOBAL_ACCENT_COLOR_NAME = AccentColor;
				CODE_SIGN_ENTITLEMENTS = LiveVideoApp/LiveVideoApp.entitlements;
				CODE_SIGN_STYLE = Automatic;
				CURRENT_PROJECT_VERSION = 1;
				DEVELOPMENT_TEAM = FD5T6PM798;
				GENERATE_INFOPLIST_FILE = YES;
				INFOPLIST_FILE = LiveVideoApp/Info.plist;
				INFOPLIST_KEY_CFBundleDisplayName = LIVEr;
				INFOPLIST_KEY_UIApplicationSupportsIndirectInputEvents = YES;
				INFOPLIST_KEY_UILaunchStoryboardName = LaunchScreen;
				INFOPLIST_KEY_UIMainStoryboardFile = Main;
				INFOPLIST_KEY_UISupportedInterfaceOrientations = UIInterfaceOrientationPortrait;
				INFOPLIST_KEY_UISupportedInterfaceOrientations_iPad = "UIInterfaceOrientationLandscapeLeft UIInterfaceOrientationLandscapeRight UIInterfaceOrientationPortrait UIInterfaceOrientationPortraitUpsideDown";
				LD_RUNPATH_SEARCH_PATHS = (
					"$(inherited)",
					"@executable_path/Frameworks",
				);
				MARKETING_VERSION = 1.0;
				PRODUCT_BUNDLE_IDENTIFIER = com.kameshbala.LiveVideoApp;
				PRODUCT_NAME = "$(TARGET_NAME)";
				SWIFT_EMIT_LOC_STRINGS = YES;
				SWIFT_VERSION = 5.0;
				TARGETED_DEVICE_FAMILY = "1,2";
			};
			name = Debug;
		};
		5CBC5E502D167F230027856C /* Release */ = {
			isa = XCBuildConfiguration;
			buildSettings = {
				ASSETCATALOG_COMPILER_APPICON_NAME = AppIcon;
				ASSETCATALOG_COMPILER_GLOBAL_ACCENT_COLOR_NAME = AccentColor;
				CODE_SIGN_ENTITLEMENTS = LiveVideoApp/LiveVideoApp.entitlements;
				CODE_SIGN_STYLE = Automatic;
				CURRENT_PROJECT_VERSION = 1;
				DEVELOPMENT_TEAM = FD5T6PM798;
				GENERATE_INFOPLIST_FILE = YES;
				INFOPLIST_FILE = LiveVideoApp/Info.plist;
				INFOPLIST_KEY_CFBundleDisplayName = LIVEr;
				INFOPLIST_KEY_UIApplicationSupportsIndirectInputEvents = YES;
				INFOPLIST_KEY_UILaunchStoryboardName = LaunchScreen;
				INFOPLIST_KEY_UIMainStoryboardFile = Main;
				INFOPLIST_KEY_UISupportedInterfaceOrientations = UIInterfaceOrientationPortrait;
				INFOPLIST_KEY_UISupportedInterfaceOrientations_iPad = "UIInterfaceOrientationLandscapeLeft UIInterfaceOrientationLandscapeRight UIInterfaceOrientationPortrait UIInterfaceOrientationPortraitUpsideDown";
				LD_RUNPATH_SEARCH_PATHS = (
					"$(inherited)",
					"@executable_path/Frameworks",
				);
				MARKETING_VERSION = 1.0;
				PRODUCT_BUNDLE_IDENTIFIER = com.kameshbala.LiveVideoApp;
				PRODUCT_NAME = "$(TARGET_NAME)";
				SWIFT_EMIT_LOC_STRINGS = YES;
				SWIFT_VERSION = 5.0;
				TARGETED_DEVICE_FAMILY = "1,2";
			};
			name = Release;
		};
		5CBC5E522D167F230027856C /* Debug */ = {
			isa = XCBuildConfiguration;
			buildSettings = {
				ALWAYS_EMBED_SWIFT_STANDARD_LIBRARIES = YES;
				BUNDLE_LOADER = "$(TEST_HOST)";
				CODE_SIGN_STYLE = Automatic;
				CURRENT_PROJECT_VERSION = 1;
				DEVELOPMENT_TEAM = FD5T6PM798;
				GENERATE_INFOPLIST_FILE = YES;
				IPHONEOS_DEPLOYMENT_TARGET = 17.2;
				MARKETING_VERSION = 1.0;
				PRODUCT_BUNDLE_IDENTIFIER = com.kameshbala.LiveVideoAppTests;
				PRODUCT_NAME = "$(TARGET_NAME)";
				SWIFT_EMIT_LOC_STRINGS = NO;
				SWIFT_VERSION = 5.0;
				TARGETED_DEVICE_FAMILY = "1,2";
				TEST_HOST = "$(BUILT_PRODUCTS_DIR)/LiveVideoApp.app/$(BUNDLE_EXECUTABLE_FOLDER_PATH)/LiveVideoApp";
			};
			name = Debug;
		};
		5CBC5E532D167F230027856C /* Release */ = {
			isa = XCBuildConfiguration;
			buildSettings = {
				ALWAYS_EMBED_SWIFT_STANDARD_LIBRARIES = YES;
				BUNDLE_LOADER = "$(TEST_HOST)";
				CODE_SIGN_STYLE = Automatic;
				CURRENT_PROJECT_VERSION = 1;
				DEVELOPMENT_TEAM = FD5T6PM798;
				GENERATE_INFOPLIST_FILE = YES;
				IPHONEOS_DEPLOYMENT_TARGET = 17.2;
				MARKETING_VERSION = 1.0;
				PRODUCT_BUNDLE_IDENTIFIER = com.kameshbala.LiveVideoAppTests;
				PRODUCT_NAME = "$(TARGET_NAME)";
				SWIFT_EMIT_LOC_STRINGS = NO;
				SWIFT_VERSION = 5.0;
				TARGETED_DEVICE_FAMILY = "1,2";
				TEST_HOST = "$(BUILT_PRODUCTS_DIR)/LiveVideoApp.app/$(BUNDLE_EXECUTABLE_FOLDER_PATH)/LiveVideoApp";
			};
			name = Release;
		};
		5CBC5E552D167F230027856C /* Debug */ = {
			isa = XCBuildConfiguration;
			buildSettings = {
				ALWAYS_EMBED_SWIFT_STANDARD_LIBRARIES = YES;
				CODE_SIGN_STYLE = Automatic;
				CURRENT_PROJECT_VERSION = 1;
				DEVELOPMENT_TEAM = FD5T6PM798;
				GENERATE_INFOPLIST_FILE = YES;
				MARKETING_VERSION = 1.0;
				PRODUCT_BUNDLE_IDENTIFIER = com.kameshbala.LiveVideoAppUITests;
				PRODUCT_NAME = "$(TARGET_NAME)";
				SWIFT_EMIT_LOC_STRINGS = NO;
				SWIFT_VERSION = 5.0;
				TARGETED_DEVICE_FAMILY = "1,2";
				TEST_TARGET_NAME = LiveVideoApp;
			};
			name = Debug;
		};
		5CBC5E562D167F230027856C /* Release */ = {
			isa = XCBuildConfiguration;
			buildSettings = {
				ALWAYS_EMBED_SWIFT_STANDARD_LIBRARIES = YES;
				CODE_SIGN_STYLE = Automatic;
				CURRENT_PROJECT_VERSION = 1;
				DEVELOPMENT_TEAM = FD5T6PM798;
				GENERATE_INFOPLIST_FILE = YES;
				MARKETING_VERSION = 1.0;
				PRODUCT_BUNDLE_IDENTIFIER = com.kameshbala.LiveVideoAppUITests;
				PRODUCT_NAME = "$(TARGET_NAME)";
				SWIFT_EMIT_LOC_STRINGS = NO;
				SWIFT_VERSION = 5.0;
				TARGETED_DEVICE_FAMILY = "1,2";
				TEST_TARGET_NAME = LiveVideoApp;
			};
			name = Release;
		};
/* End XCBuildConfiguration section */

/* Begin XCConfigurationList section */
		5CBC5E1B2D167F220027856C /* Build configuration list for PBXProject "LiveVideoApp" */ = {
			isa = XCConfigurationList;
			buildConfigurations = (
				5CBC5E4C2D167F230027856C /* Debug */,
				5CBC5E4D2D167F230027856C /* Release */,
			);
			defaultConfigurationIsVisible = 0;
			defaultConfigurationName = Release;
		};
		5CBC5E4E2D167F230027856C /* Build configuration list for PBXNativeTarget "LiveVideoApp" */ = {
			isa = XCConfigurationList;
			buildConfigurations = (
				5CBC5E4F2D167F230027856C /* Debug */,
				5CBC5E502D167F230027856C /* Release */,
			);
			defaultConfigurationIsVisible = 0;
			defaultConfigurationName = Release;
		};
		5CBC5E512D167F230027856C /* Build configuration list for PBXNativeTarget "LiveVideoAppTests" */ = {
			isa = XCConfigurationList;
			buildConfigurations = (
				5CBC5E522D167F230027856C /* Debug */,
				5CBC5E532D167F230027856C /* Release */,
			);
			defaultConfigurationIsVisible = 0;
			defaultConfigurationName = Release;
		};
		5CBC5E542D167F230027856C /* Build configuration list for PBXNativeTarget "LiveVideoAppUITests" */ = {
			isa = XCConfigurationList;
			buildConfigurations = (
				5CBC5E552D167F230027856C /* Debug */,
				5CBC5E562D167F230027856C /* Release */,
			);
			defaultConfigurationIsVisible = 0;
			defaultConfigurationName = Release;
		};
/* End XCConfigurationList section */

/* Begin XCRemoteSwiftPackageReference section */
		5CBC5EA72D17E8340027856C /* XCRemoteSwiftPackageReference "SDWebImage" */ = {
			isa = XCRemoteSwiftPackageReference;
			repositoryURL = "https://github.com/SDWebImage/SDWebImage.git";
			requirement = {
				kind = upToNextMajorVersion;
				minimumVersion = 5.20.0;
			};
		};
		5CBC5EAC2D17E8960027856C /* XCRemoteSwiftPackageReference "IQKeyboardManager" */ = {
			isa = XCRemoteSwiftPackageReference;
			repositoryURL = "https://github.com/hackiftekhar/IQKeyboardManager.git";
			requirement = {
				kind = upToNextMajorVersion;
				minimumVersion = 8.0.0;
			};
		};
/* End XCRemoteSwiftPackageReference section */

/* Begin XCSwiftPackageProductDependency section */
		5CBC5EA82D17E8340027856C /* SDWebImage */ = {
			isa = XCSwiftPackageProductDependency;
			package = 5CBC5EA72D17E8340027856C /* XCRemoteSwiftPackageReference "SDWebImage" */;
			productName = SDWebImage;
		};
		5CBC5EAA2D17E8340027856C /* SDWebImageMapKit */ = {
			isa = XCSwiftPackageProductDependency;
			package = 5CBC5EA72D17E8340027856C /* XCRemoteSwiftPackageReference "SDWebImage" */;
			productName = SDWebImageMapKit;
		};
		5CBC5EAD2D17E8960027856C /* IQKeyboardManagerSwift */ = {
			isa = XCSwiftPackageProductDependency;
			package = 5CBC5EAC2D17E8960027856C /* XCRemoteSwiftPackageReference "IQKeyboardManager" */;
			productName = IQKeyboardManagerSwift;
		};
/* End XCSwiftPackageProductDependency section */

/* Begin XCVersionGroup section */
		5CBC5E2C2D167F220027856C /* LiveVideoApp.xcdatamodeld */ = {
			isa = XCVersionGroup;
			children = (
				5CBC5E2D2D167F220027856C /* LiveVideoApp.xcdatamodel */,
			);
			currentVersion = 5CBC5E2D2D167F220027856C /* LiveVideoApp.xcdatamodel */;
			path = LiveVideoApp.xcdatamodeld;
			sourceTree = "<group>";
			versionGroupType = wrapper.xcdatamodel;
		};
/* End XCVersionGroup section */
	};
	rootObject = 5CBC5E182D167F220027856C /* Project object */;
}
